
Microsoft Visual Studio Solution File, Format Version 12.00
# Visual Studio Version 16
VisualStudioVersion = 16.0.31313.79
MinimumVisualStudioVersion = 10.0.40219.1
Project("{FAE04EC0-301F-11D3-BF4B-00C04F79EFBC}") = "RepeatedWord.WebApi", "RepeatedWord.WebApi\RepeatedWord.WebApi.csproj", "{FB1CE408-E90F-4D8C-8FB3-F1ADDCA659CC}"
EndProject
Global
	GlobalSection(SolutionConfigurationPlatforms) = preSolution
		Debug|Any CPU = Debug|Any CPU
		Release|Any CPU = Release|Any CPU
	EndGlobalSection
	GlobalSection(ProjectConfigurationPlatforms) = postSolution
		{FB1CE408-E90F-4D8C-8FB3-F1ADDCA659CC}.Debug|Any CPU.ActiveCfg = Debug|Any CPU
		{FB1CE408-E90F-4D8C-8FB3-F1ADDCA659CC}.Debug|Any CPU.Build.0 = Debug|Any CPU
		{FB1CE408-E90F-4D8C-8FB3-F1ADDCA659CC}.Release|Any CPU.ActiveCfg = Release|Any CPU
		{FB1CE408-E90F-4D8C-8FB3-F1ADDCA659CC}.Release|Any CPU.Build.0 = Release|Any CPU
	EndGlobalSection
	GlobalSection(SolutionProperties) = preSolution
		HideSolutionNode = FALSE
	EndGlobalSection
	GlobalSection(ExtensibilityGlobals) = postSolution
		SolutionGuid = {67459BF3-57B9-4D9D-A669-BA2FE5FC1D96}
	EndGlobalSection
EndGlobal
